
Microsoft Visual Studio Solution File, Format Version 12.00
# Visual Studio Version 16
VisualStudioVersion = 16.0.30804.86
MinimumVisualStudioVersion = 10.0.40219.1
Project("{FAE04EC0-301F-11D3-BF4B-00C04F79EFBC}") = "Ezmobile Futures.Android", "Ezmobile Futures\Ezmobile Futures.Android\Ezmobile Futures.Android.csproj", "{79DD80CB-B787-4FFE-81BB-1EC4BE257361}"
EndProject
Project("{FAE04EC0-301F-11D3-BF4B-00C04F79EFBC}") = "Ezmobile Futures.iOS", "Ezmobile Futures\Ezmobile Futures.iOS\Ezmobile Futures.iOS.csproj", "{147849BB-37F2-4E74-A6AB-088E8A7504C4}"
EndProject
Project("{FAE04EC0-301F-11D3-BF4B-00C04F79EFBC}") = "Ezmobile Futures", "Ezmobile Futures\Ezmobile Futures\Ezmobile Futures.csproj", "{9E2D5BB2-53EF-4538-89B0-7CB49752A9EE}"
EndProject
Global
	GlobalSection(SolutionConfigurationPlatforms) = preSolution
		Debug|Any CPU = Debug|Any CPU
		Debug|iPhone = Debug|iPhone
		Debug|iPhoneSimulator = Debug|iPhoneSimulator
		Release|Any CPU = Release|Any CPU
		Release|iPhone = Release|iPhone
		Release|iPhoneSimulator = Release|iPhoneSimulator
	EndGlobalSection
	GlobalSection(ProjectConfigurationPlatforms) = postSolution
		{79DD80CB-B787-4FFE-81BB-1EC4BE257361}.Debug|Any CPU.ActiveCfg = Debug|Any CPU
		{79DD80CB-B787-4FFE-81BB-1EC4BE257361}.Debug|Any CPU.Build.0 = Debug|Any CPU
		{79DD80CB-B787-4FFE-81BB-1EC4BE257361}.Debug|Any CPU.Deploy.0 = Debug|Any CPU
		{79DD80CB-B787-4FFE-81BB-1EC4BE257361}.Debug|iPhone.ActiveCfg = Debug|Any CPU
		{79DD80CB-B787-4FFE-81BB-1EC4BE257361}.Debug|iPhone.Build.0 = Debug|Any CPU
		{79DD80CB-B787-4FFE-81BB-1EC4BE257361}.Debug|iPhone.Deploy.0 = Debug|Any CPU
		{79DD80CB-B787-4FFE-81BB-1EC4BE257361}.Debug|iPhoneSimulator.ActiveCfg = Debug|Any CPU
		{79DD80CB-B787-4FFE-81BB-1EC4BE257361}.Debug|iPhoneSimulator.Build.0 = Debug|Any CPU
		{79DD80CB-B787-4FFE-81BB-1EC4BE257361}.Debug|iPhoneSimulator.Deploy.0 = Debug|Any CPU
		{79DD80CB-B787-4FFE-81BB-1EC4BE257361}.Release|Any CPU.ActiveCfg = Release|Any CPU
		{79DD80CB-B787-4FFE-81BB-1EC4BE257361}.Release|Any CPU.Build.0 = Release|Any CPU
		{79DD80CB-B787-4FFE-81BB-1EC4BE257361}.Release|Any CPU.Deploy.0 = Release|Any CPU
		{79DD80CB-B787-4FFE-81BB-1EC4BE257361}.Release|iPhone.ActiveCfg = Release|Any CPU
		{79DD80CB-B787-4FFE-81BB-1EC4BE257361}.Release|iPhone.Build.0 = Release|Any CPU
		{79DD80CB-B787-4FFE-81BB-1EC4BE257361}.Release|iPhone.Deploy.0 = Release|Any CPU
		{79DD80CB-B787-4FFE-81BB-1EC4BE257361}.Release|iPhoneSimulator.ActiveCfg = Release|Any CPU
		{79DD80CB-B787-4FFE-81BB-1EC4BE257361}.Release|iPhoneSimulator.Build.0 = Release|Any CPU
		{79DD80CB-B787-4FFE-81BB-1EC4BE257361}.Release|iPhoneSimulator.Deploy.0 = Release|Any CPU
		{147849BB-37F2-4E74-A6AB-088E8A7504C4}.Debug|Any CPU.ActiveCfg = Debug|iPhone
		{147849BB-37F2-4E74-A6AB-088E8A7504C4}.Debug|Any CPU.Build.0 = Debug|iPhone
		{147849BB-37F2-4E74-A6AB-088E8A7504C4}.Debug|Any CPU.Deploy.0 = Debug|iPhone
		{147849BB-37F2-4E74-A6AB-088E8A7504C4}.Debug|iPhone.ActiveCfg = Debug|iPhone
		{147849BB-37F2-4E74-A6AB-088E8A7504C4}.Debug|iPhone.Build.0 = Debug|iPhone
		{147849BB-37F2-4E74-A6AB-088E8A7504C4}.Debug|iPhone.Deploy.0 = Debug|iPhone
		{147849BB-37F2-4E74-A6AB-088E8A7504C4}.Debug|iPhoneSimulator.ActiveCfg = Debug|iPhoneSimulator
		{147849BB-37F2-4E74-A6AB-088E8A7504C4}.Debug|iPhoneSimulator.Build.0 = Debug|iPhoneSimulator
		{147849BB-37F2-4E74-A6AB-088E8A7504C4}.Debug|iPhoneSimulator.Deploy.0 = Debug|iPhoneSimulator
		{147849BB-37F2-4E74-A6AB-088E8A7504C4}.Release|Any CPU.ActiveCfg = Release|iPhoneSimulator
		{147849BB-37F2-4E74-A6AB-088E8A7504C4}.Release|Any CPU.Build.0 = Release|iPhoneSimulator
		{147849BB-37F2-4E74-A6AB-088E8A7504C4}.Release|Any CPU.Deploy.0 = Release|iPhoneSimulator
		{147849BB-37F2-4E74-A6AB-088E8A7504C4}.Release|iPhone.ActiveCfg = Release|iPhone
		{147849BB-37F2-4E74-A6AB-088E8A7504C4}.Release|iPhone.Build.0 = Release|iPhone
		{147849BB-37F2-4E74-A6AB-088E8A7504C4}.Release|iPhone.Deploy.0 = Release|iPhone
		{147849BB-37F2-4E74-A6AB-088E8A7504C4}.Release|iPhoneSimulator.ActiveCfg = Release|iPhoneSimulator
		{147849BB-37F2-4E74-A6AB-088E8A7504C4}.Release|iPhoneSimulator.Build.0 = Release|iPhoneSimulator
		{147849BB-37F2-4E74-A6AB-088E8A7504C4}.Release|iPhoneSimulator.Deploy.0 = Release|iPhoneSimulator
		{9E2D5BB2-53EF-4538-89B0-7CB49752A9EE}.Debug|Any CPU.ActiveCfg = Debug|Any CPU
		{9E2D5BB2-53EF-4538-89B0-7CB49752A9EE}.Debug|Any CPU.Build.0 = Debug|Any CPU
		{9E2D5BB2-53EF-4538-89B0-7CB49752A9EE}.Debug|Any CPU.Deploy.0 = Debug|Any CPU
		{9E2D5BB2-53EF-4538-89B0-7CB49752A9EE}.Debug|iPhone.ActiveCfg = Debug|Any CPU
		{9E2D5BB2-53EF-4538-89B0-7CB49752A9EE}.Debug|iPhone.Build.0 = Debug|Any CPU
		{9E2D5BB2-53EF-4538-89B0-7CB49752A9EE}.Debug|iPhone.Deploy.0 = Debug|Any CPU
		{9E2D5BB2-53EF-4538-89B0-7CB49752A9EE}.Debug|iPhoneSimulator.ActiveCfg = Debug|Any CPU
		{9E2D5BB2-53EF-4538-89B0-7CB49752A9EE}.Debug|iPhoneSimulator.Build.0 = Debug|Any CPU
		{9E2D5BB2-53EF-4538-89B0-7CB49752A9EE}.Debug|iPhoneSimulator.Deploy.0 = Debug|Any CPU
		{9E2D5BB2-53EF-4538-89B0-7CB49752A9EE}.Release|Any CPU.ActiveCfg = Release|Any CPU
		{9E2D5BB2-53EF-4538-89B0-7CB49752A9EE}.Release|Any CPU.Build.0 = Release|Any CPU
		{9E2D5BB2-53EF-4538-89B0-7CB49752A9EE}.Release|Any CPU.Deploy.0 = Release|Any CPU
		{9E2D5BB2-53EF-4538-89B0-7CB49752A9EE}.Release|iPhone.ActiveCfg = Release|Any CPU
		{9E2D5BB2-53EF-4538-89B0-7CB49752A9EE}.Release|iPhone.Build.0 = Release|Any CPU
		{9E2D5BB2-53EF-4538-89B0-7CB49752A9EE}.Release|iPhone.Deploy.0 = Release|Any CPU
		{9E2D5BB2-53EF-4538-89B0-7CB49752A9EE}.Release|iPhoneSimulator.ActiveCfg = Release|Any CPU
		{9E2D5BB2-53EF-4538-89B0-7CB49752A9EE}.Release|iPhoneSimulator.Build.0 = Release|Any CPU
		{9E2D5BB2-53EF-4538-89B0-7CB49752A9EE}.Release|iPhoneSimulator.Deploy.0 = Release|Any CPU
	EndGlobalSection
	GlobalSection(SolutionProperties) = preSolution
		HideSolutionNode = FALSE
	EndGlobalSection
	GlobalSection(ExtensibilityGlobals) = postSolution
		SolutionGuid = {3641519D-56CD-4A0E-9FB9-C5B7314CD809}
	EndGlobalSection
EndGlobal
